// !$*UTF8*$!
{
	archiveVersion = 1;
	classes = {
	};
	objectVersion = 56;
	objects = {

/* Begin PBXBuildFile section */
		3B16AD122D06D159004909E2 /* LabelStyle.swift in Sources */ = {isa = PBXBuildFile; fileRef = 3B16AD112D06D159004909E2 /* LabelStyle.swift */; };
		3B53A8962D11B3FD00A41427 /* FirstViewController.swift in Sources */ = {isa = PBXBuildFile; fileRef = 3B53A8952D11B3FD00A41427 /* FirstViewController.swift */; };
		3B53A8982D11BAA100A41427 /* SecViewController.swift in Sources */ = {isa = PBXBuildFile; fileRef = 3B53A8972D11BAA100A41427 /* SecViewController.swift */; };
		3B9BE9B82D06EAFF0010300D /* NewViewController.swift in Sources */ = {isa = PBXBuildFile; fileRef = 3B9BE9B72D06EAFF0010300D /* NewViewController.swift */; };
		3BDD47E82D05C6140008521D /* AppDelegate.swift in Sources */ = {isa = PBXBuildFile; fileRef = 3BDD47E72D05C6140008521D /* AppDelegate.swift */; };
		3BDD47EA2D05C6140008521D /* SceneDelegate.swift in Sources */ = {isa = PBXBuildFile; fileRef = 3BDD47E92D05C6140008521D /* SceneDelegate.swift */; };
		3BDD47EC2D05C6140008521D /* ViewController.swift in Sources */ = {isa = PBXBuildFile; fileRef = 3BDD47EB2D05C6140008521D /* ViewController.swift */; };
		3BDD47EF2D05C6140008521D /* Base in Resources */ = {isa = PBXBuildFile; fileRef = 3BDD47EE2D05C6140008521D /* Base */; };
		3BDD47F12D05C6160008521D /* Assets.xcassets in Resources */ = {isa = PBXBuildFile; fileRef = 3BDD47F02D05C6160008521D /* Assets.xcassets */; };
		3BDD47F42D05C6160008521D /* Base in Resources */ = {isa = PBXBuildFile; fileRef = 3BDD47F32D05C6160008521D /* Base */; };
		3BDD47FC2D05C7F30008521D /* CustomButtonStyle .swift in Sources */ = {isa = PBXBuildFile; fileRef = 3BDD47FB2D05C7F30008521D /* CustomButtonStyle .swift */; };
		3BDD47FE2D05E7210008521D /* LabelProg.swift in Sources */ = {isa = PBXBuildFile; fileRef = 3BDD47FD2D05E7210008521D /* LabelProg.swift */; };
/* End PBXBuildFile section */

/* Begin PBXFileReference section */
		3B16AD112D06D159004909E2 /* LabelStyle.swift */ = {isa = PBXFileReference; lastKnownFileType = sourcecode.swift; path = LabelStyle.swift; sourceTree = "<group>"; };
		3B53A8952D11B3FD00A41427 /* FirstViewController.swift */ = {isa = PBXFileReference; lastKnownFileType = sourcecode.swift; path = FirstViewController.swift; sourceTree = "<group>"; };
		3B53A8972D11BAA100A41427 /* SecViewController.swift */ = {isa = PBXFileReference; lastKnownFileType = sourcecode.swift; path = SecViewController.swift; sourceTree = "<group>"; };
		3B9BE9B72D06EAFF0010300D /* NewViewController.swift */ = {isa = PBXFileReference; lastKnownFileType = sourcecode.swift; path = NewViewController.swift; sourceTree = "<group>"; };
		3BDD47E42D05C6140008521D /* SwiftRev.app */ = {isa = PBXFileReference; explicitFileType = wrapper.application; includeInIndex = 0; path = SwiftRev.app; sourceTree = BUILT_PRODUCTS_DIR; };
		3BDD47E72D05C6140008521D /* AppDelegate.swift */ = {isa = PBXFileReference; lastKnownFileType = sourcecode.swift; path = AppDelegate.swift; sourceTree = "<group>"; };
		3BDD47E92D05C6140008521D /* SceneDelegate.swift */ = {isa = PBXFileReference; lastKnownFileType = sourcecode.swift; path = SceneDelegate.swift; sourceTree = "<group>"; };
		3BDD47EB2D05C6140008521D /* ViewController.swift */ = {isa = PBXFileReference; lastKnownFileType = sourcecode.swift; path = ViewController.swift; sourceTree = "<group>"; };
		3BDD47EE2D05C6140008521D /* Base */ = {isa = PBXFileReference; lastKnownFileType = file.storyboard; name = Base; path = Base.lproj/Main.storyboard; sourceTree = "<group>"; };
		3BDD47F02D05C6160008521D /* Assets.xcassets */ = {isa = PBXFileReference; lastKnownFileType = folder.assetcatalog; path = Assets.xcassets; sourceTree = "<group>"; };
		3BDD47F32D05C6160008521D /* Base */ = {isa = PBXFileReference; lastKnownFileType = file.storyboard; name = Base; path = Base.lproj/LaunchScreen.storyboard; sourceTree = "<group>"; };
		3BDD47F52D05C6160008521D /* Info.plist */ = {isa = PBXFileReference; lastKnownFileType = text.plist.xml; path = Info.plist; sourceTree = "<group>"; };
		3BDD47FB2D05C7F30008521D /* CustomButtonStyle .swift */ = {isa = PBXFileReference; lastKnownFileType = sourcecode.swift; path = "CustomButtonStyle .swift"; sourceTree = "<group>"; };
		3BDD47FD2D05E7210008521D /* LabelProg.swift */ = {isa = PBXFileReference; lastKnownFileType = sourcecode.swift; path = LabelProg.swift; sourceTree = "<group>"; };
/* End PBXFileReference section */

/* Begin PBXFrameworksBuildPhase section */
		3BDD47E12D05C6140008521D /* Frameworks */ = {
			isa = PBXFrameworksBuildPhase;
			buildActionMask = 2147483647;
			files = (
			);
			runOnlyForDeploymentPostprocessing = 0;
		};
/* End PBXFrameworksBuildPhase section */

/* Begin PBXGroup section */
		3BDD47DB2D05C6140008521D = {
			isa = PBXGroup;
			children = (
				3B16AD112D06D159004909E2 /* LabelStyle.swift */,
				3BDD47FB2D05C7F30008521D /* CustomButtonStyle .swift */,
				3BDD47E62D05C6140008521D /* SwiftRev */,
				3BDD47E52D05C6140008521D /* Products */,
			);
			sourceTree = "<group>";
		};
		3BDD47E52D05C6140008521D /* Products */ = {
			isa = PBXGroup;
			children = (
				3BDD47E42D05C6140008521D /* SwiftRev.app */,
			);
			name = Products;
			sourceTree = "<group>";
		};
		3BDD47E62D05C6140008521D /* SwiftRev */ = {
			isa = PBXGroup;
			children = (
				3BDD47E72D05C6140008521D /* AppDelegate.swift */,
				3BDD47E92D05C6140008521D /* SceneDelegate.swift */,
				3BDD47EB2D05C6140008521D /* ViewController.swift */,
				3BDD47FD2D05E7210008521D /* LabelProg.swift */,
				3B9BE9B72D06EAFF0010300D /* NewViewController.swift */,
				3B53A8952D11B3FD00A41427 /* FirstViewController.swift */,
				3B53A8972D11BAA100A41427 /* SecViewController.swift */,
				3BDD47ED2D05C6140008521D /* Main.storyboard */,
				3BDD47F02D05C6160008521D /* Assets.xcassets */,
				3BDD47F22D05C6160008521D /* LaunchScreen.storyboard */,
				3BDD47F52D05C6160008521D /* Info.plist */,
			);
			path = SwiftRev;
			sourceTree = "<group>";
		};
/* End PBXGroup section */

/* Begin PBXNativeTarget section */
		3BDD47E32D05C6140008521D /* SwiftRev */ = {
			isa = PBXNativeTarget;
			buildConfigurationList = 3BDD47F82D05C6160008521D /* Build configuration list for PBXNativeTarget "SwiftRev" */;
			buildPhases = (
				3BDD47E02D05C6140008521D /* Sources */,
				3BDD47E12D05C6140008521D /* Frameworks */,
				3BDD47E22D05C6140008521D /* Resources */,
			);
			buildRules = (
			);
			dependencies = (
			);
			name = SwiftRev;
			productName = SwiftRev;
			productReference = 3BDD47E42D05C6140008521D /* SwiftRev.app */;
			productType = "com.apple.product-type.application";
		};
/* End PBXNativeTarget section */

/* Begin PBXProject section */
		3BDD47DC2D05C6140008521D /* Project object */ = {
			isa = PBXProject;
			attributes = {
				BuildIndependentTargetsInParallel = 1;
				LastSwiftUpdateCheck = 1540;
				LastUpgradeCheck = 1540;
				TargetAttributes = {
					3BDD47E32D05C6140008521D = {
						CreatedOnToolsVersion = 15.4;
					};
				};
			};
			buildConfigurationList = 3BDD47DF2D05C6140008521D /* Build configuration list for PBXProject "SwiftRev" */;
			compatibilityVersion = "Xcode 14.0";
			developmentRegion = en;
			hasScannedForEncodings = 0;
			knownRegions = (
				en,
				Base,
			);
			mainGroup = 3BDD47DB2D05C6140008521D;
			productRefGroup = 3BDD47E52D05C6140008521D /* Products */;
			projectDirPath = "";
			projectRoot = "";
			targets = (
				3BDD47E32D05C6140008521D /* SwiftRev */,
			);
		};
/* End PBXProject section */

/* Begin PBXResourcesBuildPhase section */
		3BDD47E22D05C6140008521D /* Resources */ = {
			isa = PBXResourcesBuildPhase;
			buildActionMask = 2147483647;
			files = (
				3BDD47F12D05C6160008521D /* Assets.xcassets in Resources */,
				3BDD47F42D05C6160008521D /* Base in Resources */,
				3BDD47EF2D05C6140008521D /* Base in Resources */,
			);
			runOnlyForDeploymentPostprocessing = 0;
		};
/* End PBXResourcesBuildPhase section */

/* Begin PBXSourcesBuildPhase section */
		3BDD47E02D05C6140008521D /* Sources */ = {
			isa = PBXSourcesBuildPhase;
			buildActionMask = 2147483647;
			files = (
				3BDD47EC2D05C6140008521D /* ViewController.swift in Sources */,
				3BDD47FE2D05E7210008521D /* LabelProg.swift in Sources */,
				3B53A8982D11BAA100A41427 /* SecViewController.swift in Sources */,
				3B9BE9B82D06EAFF0010300D /* NewViewController.swift in Sources */,
				3B53A8962D11B3FD00A41427 /* FirstViewController.swift in Sources */,
				3BDD47E82D05C6140008521D /* AppDelegate.swift in Sources */,
				3BDD47EA2D05C6140008521D /* SceneDelegate.swift in Sources */,
				3B16AD122D06D159004909E2 /* LabelStyle.swift in Sources */,
				3BDD47FC2D05C7F30008521D /* CustomButtonStyle .swift in Sources */,
			);
			runOnlyForDeploymentPostprocessing = 0;
		};
/* End PBXSourcesBuildPhase section */

/* Begin PBXVariantGroup section */
		3BDD47ED2D05C6140008521D /* Main.storyboard */ = {
			isa = PBXVariantGroup;
			children = (
				3BDD47EE2D05C6140008521D /* Base */,
			);
			name = Main.storyboard;
			sourceTree = "<group>";
		};
		3BDD47F22D05C6160008521D /* LaunchScreen.storyboard */ = {
			isa = PBXVariantGroup;
			children = (
				3BDD47F32D05C6160008521D /* Base */,
			);
			name = LaunchScreen.storyboard;
			sourceTree = "<group>";
		};
/* End PBXVariantGroup section */

/* Begin XCBuildConfiguration section */
		3BDD47F62D05C6160008521D /* Debug */ = {
			isa = XCBuildConfiguration;
			buildSettings = {
				ALWAYS_SEARCH_USER_PATHS = NO;
				ASSETCATALOG_COMPILER_GENERATE_SWIFT_ASSET_SYMBOL_EXTENSIONS = YES;
				CLANG_ANALYZER_NONNULL = YES;
				CLANG_ANALYZER_NUMBER_OBJECT_CONVERSION = YES_AGGRESSIVE;
				CLANG_CXX_LANGUAGE_STANDARD = "gnu++20";
				CLANG_ENABLE_MODULES = YES;
				CLANG_ENABLE_OBJC_ARC = YES;
				CLANG_ENABLE_OBJC_WEAK = YES;
				CLANG_WARN_BLOCK_CAPTURE_AUTORELEASING = YES;
				CLANG_WARN_BOOL_CONVERSION = YES;
				CLANG_WARN_COMMA = YES;
				CLANG_WARN_CONSTANT_CONVERSION = YES;
				CLANG_WARN_DEPRECATED_OBJC_IMPLEMENTATIONS = YES;
				CLANG_WARN_DIRECT_OBJC_ISA_USAGE = YES_ERROR;
				CLANG_WARN_DOCUMENTATION_COMMENTS = YES;
				CLANG_WARN_EMPTY_BODY = YES;
				CLANG_WARN_ENUM_CONVERSION = YES;
				CLANG_WARN_INFINITE_RECURSION = YES;
				CLANG_WARN_INT_CONVERSION = YES;
				CLANG_WARN_NON_LITERAL_NULL_CONVERSION = YES;
				CLANG_WARN_OBJC_IMPLICIT_RETAIN_SELF = YES;
				CLANG_WARN_OBJC_LITERAL_CONVERSION = YES;
				CLANG_WARN_OBJC_ROOT_CLASS = YES_ERROR;
				CLANG_WARN_QUOTED_INCLUDE_IN_FRAMEWORK_HEADER = YES;
				CLANG_WARN_RANGE_LOOP_ANALYSIS = YES;
				CLANG_WARN_STRICT_PROTOTYPES = YES;
				CLANG_WARN_SUSPICIOUS_MOVE = YES;
				CLANG_WARN_UNGUARDED_AVAILABILITY = YES_AGGRESSIVE;
				CLANG_WARN_UNREACHABLE_CODE = YES;
				CLANG_WARN__DUPLICATE_METHOD_MATCH = YES;
				COPY_PHASE_STRIP = NO;
				DEBUG_INFORMATION_FORMAT = dwarf;
				ENABLE_STRICT_OBJC_MSGSEND = YES;
				ENABLE_TESTABILITY = YES;
				ENABLE_USER_SCRIPT_SANDBOXING = YES;
				GCC_C_LANGUAGE_STANDARD = gnu17;
				GCC_DYNAMIC_NO_PIC = NO;
				GCC_NO_COMMON_BLOCKS = YES;
				GCC_OPTIMIZATION_LEVEL = 0;
				GCC_PREPROCESSOR_DEFINITIONS = (
					"DEBUG=1",
					"$(inherited)",
				);
				GCC_WARN_64_TO_32_BIT_CONVERSION = YES;
				GCC_WARN_ABOUT_RETURN_TYPE = YES_ERROR;
				GCC_WARN_UNDECLARED_SELECTOR = YES;
				GCC_WARN_UNINITIALIZED_AUTOS = YES_AGGRESSIVE;
				GCC_WARN_UNUSED_FUNCTION = YES;
				GCC_WARN_UNUSED_VARIABLE = YES;
				IPHONEOS_DEPLOYMENT_TARGET = 17.5;
				LOCALIZATION_PREFERS_STRING_CATALOGS = YES;
				MTL_ENABLE_DEBUG_INFO = INCLUDE_SOURCE;
				MTL_FAST_MATH = YES;
				ONLY_ACTIVE_ARCH = YES;
				SDKROOT = iphoneos;
				SWIFT_ACTIVE_COMPILATION_CONDITIONS = "DEBUG $(inherited)";
				SWIFT_OPTIMIZATION_LEVEL = "-Onone";
			};
			name = Debug;
		};
		3BDD47F72D05C6160008521D /* Release */ = {
			isa = XCBuildConfiguration;
			buildSettings = {
				ALWAYS_SEARCH_USER_PATHS = NO;
				ASSETCATALOG_COMPILER_GENERATE_SWIFT_ASSET_SYMBOL_EXTENSIONS = YES;
				CLANG_ANALYZER_NONNULL = YES;
				CLANG_ANALYZER_NUMBER_OBJECT_CONVERSION = YES_AGGRESSIVE;
				CLANG_CXX_LANGUAGE_STANDARD = "gnu++20";
				CLANG_ENABLE_MODULES = YES;
				CLANG_ENABLE_OBJC_ARC = YES;
				CLANG_ENABLE_OBJC_WEAK = YES;
				CLANG_WARN_BLOCK_CAPTURE_AUTORELEASING = YES;
				CLANG_WARN_BOOL_CONVERSION = YES;
				CLANG_WARN_COMMA = YES;
				CLANG_WARN_CONSTANT_CONVERSION = YES;
				CLANG_WARN_DEPRECATED_OBJC_IMPLEMENTATIONS = YES;
				CLANG_WARN_DIRECT_OBJC_ISA_USAGE = YES_ERROR;
				CLANG_WARN_DOCUMENTATION_COMMENTS = YES;
				CLANG_WARN_EMPTY_BODY = YES;
				CLANG_WARN_ENUM_CONVERSION = YES;
				CLANG_WARN_INFINITE_RECURSION = YES;
				CLANG_WARN_INT_CONVERSION = YES;
				CLANG_WARN_NON_LITERAL_NULL_CONVERSION = YES;
				CLANG_WARN_OBJC_IMPLICIT_RETAIN_SELF = YES;
				CLANG_WARN_OBJC_LITERAL_CONVERSION = YES;
				CLANG_WARN_OBJC_ROOT_CLASS = YES_ERROR;
				CLANG_WARN_QUOTED_INCLUDE_IN_FRAMEWORK_HEADER = YES;
				CLANG_WARN_RANGE_LOOP_ANALYSIS = YES;
				CLANG_WARN_STRICT_PROTOTYPES = YES;
				CLANG_WARN_SUSPICIOUS_MOVE = YES;
				CLANG_WARN_UNGUARDED_AVAILABILITY = YES_AGGRESSIVE;
				CLANG_WARN_UNREACHABLE_CODE = YES;
				CLANG_WARN__DUPLICATE_METHOD_MATCH = YES;
				COPY_PHASE_STRIP = NO;
				DEBUG_INFORMATION_FORMAT = "dwarf-with-dsym";
				ENABLE_NS_ASSERTIONS = NO;
				ENABLE_STRICT_OBJC_MSGSEND = YES;
				ENABLE_USER_SCRIPT_SANDBOXING = YES;
				GCC_C_LANGUAGE_STANDARD = gnu17;
				GCC_NO_COMMON_BLOCKS = YES;
				GCC_WARN_64_TO_32_BIT_CONVERSION = YES;
				GCC_WARN_ABOUT_RETURN_TYPE = YES_ERROR;
				GCC_WARN_UNDECLARED_SELECTOR = YES;
				GCC_WARN_UNINITIALIZED_AUTOS = YES_AGGRESSIVE;
				GCC_WARN_UNUSED_FUNCTION = YES;
				GCC_WARN_UNUSED_VARIABLE = YES;
				IPHONEOS_DEPLOYMENT_TARGET = 17.5;
				LOCALIZATION_PREFERS_STRING_CATALOGS = YES;
				MTL_ENABLE_DEBUG_INFO = NO;
				MTL_FAST_MATH = YES;
				SDKROOT = iphoneos;
				SWIFT_COMPILATION_MODE = wholemodule;
				VALIDATE_PRODUCT = YES;
			};
			name = Release;
		};
		3BDD47F92D05C6160008521D /* Debug */ = {
			isa = XCBuildConfiguration;
			buildSettings = {
				ASSETCATALOG_COMPILER_APPICON_NAME = AppIcon;
				ASSETCATALOG_COMPILER_GLOBAL_ACCENT_COLOR_NAME = AccentColor;
				CODE_SIGN_STYLE = Automatic;
				CURRENT_PROJECT_VERSION = 1;
				GENERATE_INFOPLIST_FILE = YES;
				INFOPLIST_FILE = SwiftRev/Info.plist;
				INFOPLIST_KEY_UIApplicationSupportsIndirectInputEvents = YES;
				INFOPLIST_KEY_UILaunchStoryboardName = LaunchScreen;
				INFOPLIST_KEY_UIMainStoryboardFile = Main;
				INFOPLIST_KEY_UISupportedInterfaceOrientations_iPad = "UIInterfaceOrientationPortrait UIInterfaceOrientationPortraitUpsideDown UIInterfaceOrientationLandscapeLeft UIInterfaceOrientationLandscapeRight";
				INFOPLIST_KEY_UISupportedInterfaceOrientations_iPhone = "UIInterfaceOrientationPortrait UIInterfaceOrientationLandscapeLeft UIInterfaceOrientationLandscapeRight";
				LD_RUNPATH_SEARCH_PATHS = (
					"$(inherited)",
					"@executable_path/Frameworks",
				);
				MARKETING_VERSION = 1.0;
				PRODUCT_BUNDLE_IDENTIFIER = sm7.SwiftRev;
				PRODUCT_NAME = "$(TARGET_NAME)";
				SWIFT_EMIT_LOC_STRINGS = YES;
				SWIFT_VERSION = 5.0;
				TARGETED_DEVICE_FAMILY = "1,2";
			};
			name = Debug;
		};
		3BDD47FA2D05C6160008521D /* Release */ = {
			isa = XCBuildConfiguration;
			buildSettings = {
				ASSETCATALOG_COMPILER_APPICON_NAME = AppIcon;
				ASSETCATALOG_COMPILER_GLOBAL_ACCENT_COLOR_NAME = AccentColor;
				CODE_SIGN_STYLE = Automatic;
				CURRENT_PROJECT_VERSION = 1;
				GENERATE_INFOPLIST_FILE = YES;
				INFOPLIST_FILE = SwiftRev/Info.plist;
				INFOPLIST_KEY_UIApplicationSupportsIndirectInputEvents = YES;
				INFOPLIST_KEY_UILaunchStoryboardName = LaunchScreen;
				INFOPLIST_KEY_UIMainStoryboardFile = Main;
				INFOPLIST_KEY_UISupportedInterfaceOrientations_iPad = "UIInterfaceOrientationPortrait UIInterfaceOrientationPortraitUpsideDown UIInterfaceOrientationLandscapeLeft UIInterfaceOrientationLandscapeRight";
				INFOPLIST_KEY_UISupportedInterfaceOrientations_iPhone = "UIInterfaceOrientationPortrait UIInterfaceOrientationLandscapeLeft UIInterfaceOrientationLandscapeRight";
				LD_RUNPATH_SEARCH_PATHS = (
					"$(inherited)",
					"@executable_path/Frameworks",
				);
				MARKETING_VERSION = 1.0;
				PRODUCT_BUNDLE_IDENTIFIER = sm7.SwiftRev;
				PRODUCT_NAME = "$(TARGET_NAME)";
				SWIFT_EMIT_LOC_STRINGS = YES;
				SWIFT_VERSION = 5.0;
				TARGETED_DEVICE_FAMILY = "1,2";
			};
			name = Release;
		};
/* End XCBuildConfiguration section */

/* Begin XCConfigurationList section */
		3BDD47DF2D05C6140008521D /* Build configuration list for PBXProject "SwiftRev" */ = {
			isa = XCConfigurationList;
			buildConfigurations = (
				3BDD47F62D05C6160008521D /* Debug */,
				3BDD47F72D05C6160008521D /* Release */,
			);
			defaultConfigurationIsVisible = 0;
			defaultConfigurationName = Release;
		};
		3BDD47F82D05C6160008521D /* Build configuration list for PBXNativeTarget "SwiftRev" */ = {
			isa = XCConfigurationList;
			buildConfigurations = (
				3BDD47F92D05C6160008521D /* Debug */,
				3BDD47FA2D05C6160008521D /* Release */,
			);
			defaultConfigurationIsVisible = 0;
			defaultConfigurationName = Release;
		};
/* End XCConfigurationList section */
	};
	rootObject = 3BDD47DC2D05C6140008521D /* Project object */;
}
